// !$*UTF8*$!
{
	archiveVersion = 1;
	classes = {
	};
	objectVersion = 50;
	objects = {

/* Begin PBXBuildFile section */
		2E1F037F27DF8A3E004EB534 /* Button.swift in Sources */ = {isa = PBXBuildFile; fileRef = 2E1F037E27DF8A3E004EB534 /* Button.swift */; };
		2E1F038127DF8A51004EB534 /* TextField.swift in Sources */ = {isa = PBXBuildFile; fileRef = 2E1F038027DF8A51004EB534 /* TextField.swift */; };
		2E1F038327DF9AF5004EB534 /* RequestHelpers.swift in Sources */ = {isa = PBXBuildFile; fileRef = 2E1F038227DF9AF5004EB534 /* RequestHelpers.swift */; };
		2E1F038527DF9C9E004EB534 /* ErrorResponse.swift in Sources */ = {isa = PBXBuildFile; fileRef = 2E1F038427DF9C9E004EB534 /* ErrorResponse.swift */; };
		2E1F038727DFA1F4004EB534 /* LoginRequest.swift in Sources */ = {isa = PBXBuildFile; fileRef = 2E1F038627DFA1F4004EB534 /* LoginRequest.swift */; };
		2E3E29AB27DFB34600206DBB /* SessionResponse.swift in Sources */ = {isa = PBXBuildFile; fileRef = 2E3E29AA27DFB34600206DBB /* SessionResponse.swift */; };
		2E3E29AF27E02DF500206DBB /* TableTabViewController.swift in Sources */ = {isa = PBXBuildFile; fileRef = 2E3E29AE27E02DF500206DBB /* TableTabViewController.swift */; };
		2E3E29B127E2389300206DBB /* StudentLocation.swift in Sources */ = {isa = PBXBuildFile; fileRef = 2E3E29B027E2389300206DBB /* StudentLocation.swift */; };
		2E3E29B527E2744600206DBB /* AllStudentsLocationResponse.swift in Sources */ = {isa = PBXBuildFile; fileRef = 2E3E29B427E2744600206DBB /* AllStudentsLocationResponse.swift */; };
		2E3E29B727E2769A00206DBB /* StudentLocationModel.swift in Sources */ = {isa = PBXBuildFile; fileRef = 2E3E29B627E2769A00206DBB /* StudentLocationModel.swift */; };
		2E3E29B927E284BD00206DBB /* PostLocationMapViewController.swift in Sources */ = {isa = PBXBuildFile; fileRef = 2E3E29B827E284BD00206DBB /* PostLocationMapViewController.swift */; };
		2E3E29BB27EC87C700206DBB /* PostLocationResponse.swift in Sources */ = {isa = PBXBuildFile; fileRef = 2E3E29BA27EC87C700206DBB /* PostLocationResponse.swift */; };
		2E5E0CEA27D6DE1F003F433B /* Assets.xcassets in Resources */ = {isa = PBXBuildFile; fileRef = 2E5E0CE927D6DE1F003F433B /* Assets.xcassets */; };
		2E7DB9CF27F3B49C005924BD /* SceneDelegate.swift in Sources */ = {isa = PBXBuildFile; fileRef = 2E7DB9CE27F3B49C005924BD /* SceneDelegate.swift */; };
		2E7DB9D127F3BD44005924BD /* PublicUserDataResponse.swift in Sources */ = {isa = PBXBuildFile; fileRef = 2E7DB9D027F3BD44005924BD /* PublicUserDataResponse.swift */; };
		2E81A42927D6D3F400A30833 /* AppDelegate.swift in Sources */ = {isa = PBXBuildFile; fileRef = 2E81A42827D6D3F400A30833 /* AppDelegate.swift */; };
		2E81A42D27D6D3F400A30833 /* LoginViewController.swift in Sources */ = {isa = PBXBuildFile; fileRef = 2E81A42C27D6D3F400A30833 /* LoginViewController.swift */; };
		2E81A43027D6D3F400A30833 /* Main.storyboard in Resources */ = {isa = PBXBuildFile; fileRef = 2E81A42E27D6D3F400A30833 /* Main.storyboard */; };
		2E81A43527D6D3F500A30833 /* LaunchScreen.storyboard in Resources */ = {isa = PBXBuildFile; fileRef = 2E81A43327D6D3F500A30833 /* LaunchScreen.storyboard */; };
		2E81A46127D6D56200A30833 /* UdacityClient.swift in Sources */ = {isa = PBXBuildFile; fileRef = 2E81A46027D6D56200A30833 /* UdacityClient.swift */; };
		2E81A46527D6D8F800A30833 /* MapTabViewController.swift in Sources */ = {isa = PBXBuildFile; fileRef = 2E81A46427D6D8F800A30833 /* MapTabViewController.swift */; };
		2E81A46727D6D94300A30833 /* PostLocationViewController.swift in Sources */ = {isa = PBXBuildFile; fileRef = 2E81A46627D6D94300A30833 /* PostLocationViewController.swift */; };
		2EDC6FA027F373F700499C68 /* TableCell.swift in Sources */ = {isa = PBXBuildFile; fileRef = 2EDC6F9F27F373F700499C68 /* TableCell.swift */; };
/* End PBXBuildFile section */

/* Begin PBXContainerItemProxy section */
		2E81A43C27D6D3F600A30833 /* PBXContainerItemProxy */ = {
			isa = PBXContainerItemProxy;
			containerPortal = 2E81A41D27D6D3F400A30833 /* Project object */;
			proxyType = 1;
			remoteGlobalIDString = 2E81A42427D6D3F400A30833;
			remoteInfo = OnTheMap;
		};
		2E81A44727D6D3F600A30833 /* PBXContainerItemProxy */ = {
			isa = PBXContainerItemProxy;
			containerPortal = 2E81A41D27D6D3F400A30833 /* Project object */;
			proxyType = 1;
			remoteGlobalIDString = 2E81A42427D6D3F400A30833;
			remoteInfo = OnTheMap;
		};
/* End PBXContainerItemProxy section */

/* Begin PBXFileReference section */
		2E1F037E27DF8A3E004EB534 /* Button.swift */ = {isa = PBXFileReference; lastKnownFileType = sourcecode.swift; path = Button.swift; sourceTree = "<group>"; };
		2E1F038027DF8A51004EB534 /* TextField.swift */ = {isa = PBXFileReference; lastKnownFileType = sourcecode.swift; path = TextField.swift; sourceTree = "<group>"; };
		2E1F038227DF9AF5004EB534 /* RequestHelpers.swift */ = {isa = PBXFileReference; lastKnownFileType = sourcecode.swift; path = RequestHelpers.swift; sourceTree = "<group>"; };
		2E1F038427DF9C9E004EB534 /* ErrorResponse.swift */ = {isa = PBXFileReference; lastKnownFileType = sourcecode.swift; path = ErrorResponse.swift; sourceTree = "<group>"; };
		2E1F038627DFA1F4004EB534 /* LoginRequest.swift */ = {isa = PBXFileReference; lastKnownFileType = sourcecode.swift; path = LoginRequest.swift; sourceTree = "<group>"; };
		2E3E29AA27DFB34600206DBB /* SessionResponse.swift */ = {isa = PBXFileReference; lastKnownFileType = sourcecode.swift; path = SessionResponse.swift; sourceTree = "<group>"; };
		2E3E29AE27E02DF500206DBB /* TableTabViewController.swift */ = {isa = PBXFileReference; lastKnownFileType = sourcecode.swift; path = TableTabViewController.swift; sourceTree = "<group>"; };
		2E3E29B027E2389300206DBB /* StudentLocation.swift */ = {isa = PBXFileReference; lastKnownFileType = sourcecode.swift; path = StudentLocation.swift; sourceTree = "<group>"; };
		2E3E29B427E2744600206DBB /* AllStudentsLocationResponse.swift */ = {isa = PBXFileReference; lastKnownFileType = sourcecode.swift; path = AllStudentsLocationResponse.swift; sourceTree = "<group>"; };
		2E3E29B627E2769A00206DBB /* StudentLocationModel.swift */ = {isa = PBXFileReference; lastKnownFileType = sourcecode.swift; path = StudentLocationModel.swift; sourceTree = "<group>"; };
		2E3E29B827E284BD00206DBB /* PostLocationMapViewController.swift */ = {isa = PBXFileReference; lastKnownFileType = sourcecode.swift; path = PostLocationMapViewController.swift; sourceTree = "<group>"; };
		2E3E29BA27EC87C700206DBB /* PostLocationResponse.swift */ = {isa = PBXFileReference; lastKnownFileType = sourcecode.swift; path = PostLocationResponse.swift; sourceTree = "<group>"; };
		2E5E0CE927D6DE1F003F433B /* Assets.xcassets */ = {isa = PBXFileReference; lastKnownFileType = folder.assetcatalog; name = Assets.xcassets; path = "New Group/Assets.xcassets"; sourceTree = "<group>"; };
		2E7DB9CE27F3B49C005924BD /* SceneDelegate.swift */ = {isa = PBXFileReference; lastKnownFileType = sourcecode.swift; path = SceneDelegate.swift; sourceTree = "<group>"; };
		2E7DB9D027F3BD44005924BD /* PublicUserDataResponse.swift */ = {isa = PBXFileReference; lastKnownFileType = sourcecode.swift; path = PublicUserDataResponse.swift; sourceTree = "<group>"; };
		2E81A42527D6D3F400A30833 /* OnTheMap.app */ = {isa = PBXFileReference; explicitFileType = wrapper.application; includeInIndex = 0; path = OnTheMap.app; sourceTree = BUILT_PRODUCTS_DIR; };
		2E81A42827D6D3F400A30833 /* AppDelegate.swift */ = {isa = PBXFileReference; lastKnownFileType = sourcecode.swift; path = AppDelegate.swift; sourceTree = "<group>"; };
		2E81A42C27D6D3F400A30833 /* LoginViewController.swift */ = {isa = PBXFileReference; lastKnownFileType = sourcecode.swift; path = LoginViewController.swift; sourceTree = "<group>"; };
		2E81A42F27D6D3F400A30833 /* Base */ = {isa = PBXFileReference; lastKnownFileType = file.storyboard; name = Base; path = Base.lproj/Main.storyboard; sourceTree = "<group>"; };
		2E81A43427D6D3F500A30833 /* Base */ = {isa = PBXFileReference; lastKnownFileType = file.storyboard; name = Base; path = Base.lproj/LaunchScreen.storyboard; sourceTree = "<group>"; };
		2E81A43627D6D3F500A30833 /* Info.plist */ = {isa = PBXFileReference; lastKnownFileType = text.plist.xml; path = Info.plist; sourceTree = "<group>"; };
		2E81A43B27D6D3F600A30833 /* OnTheMapTests.xctest */ = {isa = PBXFileReference; explicitFileType = wrapper.cfbundle; includeInIndex = 0; path = OnTheMapTests.xctest; sourceTree = BUILT_PRODUCTS_DIR; };
		2E81A44627D6D3F600A30833 /* OnTheMapUITests.xctest */ = {isa = PBXFileReference; explicitFileType = wrapper.cfbundle; includeInIndex = 0; path = OnTheMapUITests.xctest; sourceTree = BUILT_PRODUCTS_DIR; };
		2E81A46027D6D56200A30833 /* UdacityClient.swift */ = {isa = PBXFileReference; lastKnownFileType = sourcecode.swift; path = UdacityClient.swift; sourceTree = "<group>"; };
		2E81A46427D6D8F800A30833 /* MapTabViewController.swift */ = {isa = PBXFileReference; lastKnownFileType = sourcecode.swift; path = MapTabViewController.swift; sourceTree = "<group>"; };
		2E81A46627D6D94300A30833 /* PostLocationViewController.swift */ = {isa = PBXFileReference; lastKnownFileType = sourcecode.swift; path = PostLocationViewController.swift; sourceTree = "<group>"; };
		2EDC6F9F27F373F700499C68 /* TableCell.swift */ = {isa = PBXFileReference; lastKnownFileType = sourcecode.swift; path = TableCell.swift; sourceTree = "<group>"; };
/* End PBXFileReference section */

/* Begin PBXFrameworksBuildPhase section */
		2E81A42227D6D3F400A30833 /* Frameworks */ = {
			isa = PBXFrameworksBuildPhase;
			buildActionMask = 2147483647;
			files = (
			);
			runOnlyForDeploymentPostprocessing = 0;
		};
		2E81A43827D6D3F600A30833 /* Frameworks */ = {
			isa = PBXFrameworksBuildPhase;
			buildActionMask = 2147483647;
			files = (
			);
			runOnlyForDeploymentPostprocessing = 0;
		};
		2E81A44327D6D3F600A30833 /* Frameworks */ = {
			isa = PBXFrameworksBuildPhase;
			buildActionMask = 2147483647;
			files = (
			);
			runOnlyForDeploymentPostprocessing = 0;
		};
/* End PBXFrameworksBuildPhase section */

/* Begin PBXGroup section */
		2E81A41C27D6D3F400A30833 = {
			isa = PBXGroup;
			children = (
				2E81A42727D6D3F400A30833 /* OnTheMap */,
				2E81A42627D6D3F400A30833 /* Products */,
			);
			sourceTree = "<group>";
		};
		2E81A42627D6D3F400A30833 /* Products */ = {
			isa = PBXGroup;
			children = (
				2E81A42527D6D3F400A30833 /* OnTheMap.app */,
				2E81A43B27D6D3F600A30833 /* OnTheMapTests.xctest */,
				2E81A44627D6D3F600A30833 /* OnTheMapUITests.xctest */,
			);
			name = Products;
			sourceTree = "<group>";
		};
		2E81A42727D6D3F400A30833 /* OnTheMap */ = {
			isa = PBXGroup;
			children = (
				2E81A42827D6D3F400A30833 /* AppDelegate.swift */,
				2E81A43627D6D3F500A30833 /* Info.plist */,
				2E81A45827D6D44000A30833 /* Model */,
				2E81A45927D6D44600A30833 /* View */,
				2E81A45A27D6D44C00A30833 /* Controller */,
				2E81A45B27D6D45200A30833 /* Assets */,
				2E7DB9CE27F3B49C005924BD /* SceneDelegate.swift */,
			);
			path = OnTheMap;
			sourceTree = "<group>";
		};
		2E81A45827D6D44000A30833 /* Model */ = {
			isa = PBXGroup;
			children = (
				2E81A45C27D6D4FA00A30833 /* Data */,
				2E81A45F27D6D51200A30833 /* Network */,
				2E81A45E27D6D50600A30833 /* Request */,
				2E81A45D27D6D4FF00A30833 /* Response */,
			);
			path = Model;
			sourceTree = "<group>";
		};
		2E81A45927D6D44600A30833 /* View */ = {
			isa = PBXGroup;
			children = (
				2E81A42E27D6D3F400A30833 /* Main.storyboard */,
				2E81A43327D6D3F500A30833 /* LaunchScreen.storyboard */,
				2E1F037E27DF8A3E004EB534 /* Button.swift */,
				2E1F038027DF8A51004EB534 /* TextField.swift */,
			);
			path = View;
			sourceTree = "<group>";
		};
		2E81A45A27D6D44C00A30833 /* Controller */ = {
			isa = PBXGroup;
			children = (
				2E81A42C27D6D3F400A30833 /* LoginViewController.swift */,
				2E81A46427D6D8F800A30833 /* MapTabViewController.swift */,
				2E3E29AE27E02DF500206DBB /* TableTabViewController.swift */,
				2EDC6F9F27F373F700499C68 /* TableCell.swift */,
				2E81A46627D6D94300A30833 /* PostLocationViewController.swift */,
				2E3E29B827E284BD00206DBB /* PostLocationMapViewController.swift */,
			);
			path = Controller;
			sourceTree = "<group>";
		};
		2E81A45B27D6D45200A30833 /* Assets */ = {
			isa = PBXGroup;
			children = (
				2E5E0CE927D6DE1F003F433B /* Assets.xcassets */,
			);
			path = Assets;
			sourceTree = "<group>";
		};
		2E81A45C27D6D4FA00A30833 /* Data */ = {
			isa = PBXGroup;
			children = (
				2E3E29B027E2389300206DBB /* StudentLocation.swift */,
				2E3E29B627E2769A00206DBB /* StudentLocationModel.swift */,
			);
			path = Data;
			sourceTree = "<group>";
		};
		2E81A45D27D6D4FF00A30833 /* Response */ = {
			isa = PBXGroup;
			children = (
				2E1F038427DF9C9E004EB534 /* ErrorResponse.swift */,
				2E3E29AA27DFB34600206DBB /* SessionResponse.swift */,
				2E3E29B427E2744600206DBB /* AllStudentsLocationResponse.swift */,
				2E3E29BA27EC87C700206DBB /* PostLocationResponse.swift */,
				2E7DB9D027F3BD44005924BD /* PublicUserDataResponse.swift */,
			);
			path = Response;
			sourceTree = "<group>";
		};
		2E81A45E27D6D50600A30833 /* Request */ = {
			isa = PBXGroup;
			children = (
				2E1F038627DFA1F4004EB534 /* LoginRequest.swift */,
			);
			path = Request;
			sourceTree = "<group>";
		};
		2E81A45F27D6D51200A30833 /* Network */ = {
			isa = PBXGroup;
			children = (
				2E81A46027D6D56200A30833 /* UdacityClient.swift */,
				2E1F038227DF9AF5004EB534 /* RequestHelpers.swift */,
			);
			path = Network;
			sourceTree = "<group>";
		};
/* End PBXGroup section */

/* Begin PBXNativeTarget section */
		2E81A42427D6D3F400A30833 /* OnTheMap */ = {
			isa = PBXNativeTarget;
			buildConfigurationList = 2E81A44F27D6D3F600A30833 /* Build configuration list for PBXNativeTarget "OnTheMap" */;
			buildPhases = (
				2E81A42127D6D3F400A30833 /* Sources */,
				2E81A42227D6D3F400A30833 /* Frameworks */,
				2E81A42327D6D3F400A30833 /* Resources */,
			);
			buildRules = (
			);
			dependencies = (
			);
			name = OnTheMap;
			productName = OnTheMap;
			productReference = 2E81A42527D6D3F400A30833 /* OnTheMap.app */;
			productType = "com.apple.product-type.application";
		};
		2E81A43A27D6D3F600A30833 /* OnTheMapTests */ = {
			isa = PBXNativeTarget;
			buildConfigurationList = 2E81A45227D6D3F600A30833 /* Build configuration list for PBXNativeTarget "OnTheMapTests" */;
			buildPhases = (
				2E81A43727D6D3F600A30833 /* Sources */,
				2E81A43827D6D3F600A30833 /* Frameworks */,
				2E81A43927D6D3F600A30833 /* Resources */,
			);
			buildRules = (
			);
			dependencies = (
				2E81A43D27D6D3F600A30833 /* PBXTargetDependency */,
			);
			name = OnTheMapTests;
			productName = OnTheMapTests;
			productReference = 2E81A43B27D6D3F600A30833 /* OnTheMapTests.xctest */;
			productType = "com.apple.product-type.bundle.unit-test";
		};
		2E81A44527D6D3F600A30833 /* OnTheMapUITests */ = {
			isa = PBXNativeTarget;
			buildConfigurationList = 2E81A45527D6D3F600A30833 /* Build configuration list for PBXNativeTarget "OnTheMapUITests" */;
			buildPhases = (
				2E81A44227D6D3F600A30833 /* Sources */,
				2E81A44327D6D3F600A30833 /* Frameworks */,
				2E81A44427D6D3F600A30833 /* Resources */,
			);
			buildRules = (
			);
			dependencies = (
				2E81A44827D6D3F600A30833 /* PBXTargetDependency */,
			);
			name = OnTheMapUITests;
			productName = OnTheMapUITests;
			productReference = 2E81A44627D6D3F600A30833 /* OnTheMapUITests.xctest */;
			productType = "com.apple.product-type.bundle.ui-testing";
		};
/* End PBXNativeTarget section */

/* Begin PBXProject section */
		2E81A41D27D6D3F400A30833 /* Project object */ = {
			isa = PBXProject;
			attributes = {
				LastSwiftUpdateCheck = 1250;
				LastUpgradeCheck = 1250;
				TargetAttributes = {
					2E81A42427D6D3F400A30833 = {
						CreatedOnToolsVersion = 12.5;
					};
					2E81A43A27D6D3F600A30833 = {
						CreatedOnToolsVersion = 12.5;
						TestTargetID = 2E81A42427D6D3F400A30833;
					};
					2E81A44527D6D3F600A30833 = {
						CreatedOnToolsVersion = 12.5;
						TestTargetID = 2E81A42427D6D3F400A30833;
					};
				};
			};
			buildConfigurationList = 2E81A42027D6D3F400A30833 /* Build configuration list for PBXProject "OnTheMap" */;
			compatibilityVersion = "Xcode 9.3";
			developmentRegion = en;
			hasScannedForEncodings = 0;
			knownRegions = (
				en,
				Base,
			);
			mainGroup = 2E81A41C27D6D3F400A30833;
			productRefGroup = 2E81A42627D6D3F400A30833 /* Products */;
			projectDirPath = "";
			projectRoot = "";
			targets = (
				2E81A42427D6D3F400A30833 /* OnTheMap */,
				2E81A43A27D6D3F600A30833 /* OnTheMapTests */,
				2E81A44527D6D3F600A30833 /* OnTheMapUITests */,
			);
		};
/* End PBXProject section */

/* Begin PBXResourcesBuildPhase section */
		2E81A42327D6D3F400A30833 /* Resources */ = {
			isa = PBXResourcesBuildPhase;
			buildActionMask = 2147483647;
			files = (
				2E81A43527D6D3F500A30833 /* LaunchScreen.storyboard in Resources */,
				2E5E0CEA27D6DE1F003F433B /* Assets.xcassets in Resources */,
				2E81A43027D6D3F400A30833 /* Main.storyboard in Resources */,
			);
			runOnlyForDeploymentPostprocessing = 0;
		};
		2E81A43927D6D3F600A30833 /* Resources */ = {
			isa = PBXResourcesBuildPhase;
			buildActionMask = 2147483647;
			files = (
			);
			runOnlyForDeploymentPostprocessing = 0;
		};
		2E81A44427D6D3F600A30833 /* Resources */ = {
			isa = PBXResourcesBuildPhase;
			buildActionMask = 2147483647;
			files = (
			);
			runOnlyForDeploymentPostprocessing = 0;
		};
/* End PBXResourcesBuildPhase section */

/* Begin PBXSourcesBuildPhase section */
		2E81A42127D6D3F400A30833 /* Sources */ = {
			isa = PBXSourcesBuildPhase;
			buildActionMask = 2147483647;
			files = (
				2E1F038127DF8A51004EB534 /* TextField.swift in Sources */,
				2EDC6FA027F373F700499C68 /* TableCell.swift in Sources */,
				2E81A46127D6D56200A30833 /* UdacityClient.swift in Sources */,
				2E1F037F27DF8A3E004EB534 /* Button.swift in Sources */,
				2E3E29B127E2389300206DBB /* StudentLocation.swift in Sources */,
				2E1F038327DF9AF5004EB534 /* RequestHelpers.swift in Sources */,
				2E3E29B927E284BD00206DBB /* PostLocationMapViewController.swift in Sources */,
				2E81A46527D6D8F800A30833 /* MapTabViewController.swift in Sources */,
				2E3E29B727E2769A00206DBB /* StudentLocationModel.swift in Sources */,
				2E1F038527DF9C9E004EB534 /* ErrorResponse.swift in Sources */,
				2E7DB9D127F3BD44005924BD /* PublicUserDataResponse.swift in Sources */,
				2E81A42D27D6D3F400A30833 /* LoginViewController.swift in Sources */,
				2E81A46727D6D94300A30833 /* PostLocationViewController.swift in Sources */,
				2E3E29BB27EC87C700206DBB /* PostLocationResponse.swift in Sources */,
				2E3E29AF27E02DF500206DBB /* TableTabViewController.swift in Sources */,
				2E3E29AB27DFB34600206DBB /* SessionResponse.swift in Sources */,
				2E81A42927D6D3F400A30833 /* AppDelegate.swift in Sources */,
				2E7DB9CF27F3B49C005924BD /* SceneDelegate.swift in Sources */,
				2E1F038727DFA1F4004EB534 /* LoginRequest.swift in Sources */,
				2E3E29B527E2744600206DBB /* AllStudentsLocationResponse.swift in Sources */,
			);
			runOnlyForDeploymentPostprocessing = 0;
		};
		2E81A43727D6D3F600A30833 /* Sources */ = {
			isa = PBXSourcesBuildPhase;
			buildActionMask = 2147483647;
			files = (
			);
			runOnlyForDeploymentPostprocessing = 0;
		};
		2E81A44227D6D3F600A30833 /* Sources */ = {
			isa = PBXSourcesBuildPhase;
			buildActionMask = 2147483647;
			files = (
			);
			runOnlyForDeploymentPostprocessing = 0;
		};
/* End PBXSourcesBuildPhase section */

/* Begin PBXTargetDependency section */
		2E81A43D27D6D3F600A30833 /* PBXTargetDependency */ = {
			isa = PBXTargetDependency;
			target = 2E81A42427D6D3F400A30833 /* OnTheMap */;
			targetProxy = 2E81A43C27D6D3F600A30833 /* PBXContainerItemProxy */;
		};
		2E81A44827D6D3F600A30833 /* PBXTargetDependency */ = {
			isa = PBXTargetDependency;
			target = 2E81A42427D6D3F400A30833 /* OnTheMap */;
			targetProxy = 2E81A44727D6D3F600A30833 /* PBXContainerItemProxy */;
		};
/* End PBXTargetDependency section */

/* Begin PBXVariantGroup section */
		2E81A42E27D6D3F400A30833 /* Main.storyboard */ = {
			isa = PBXVariantGroup;
			children = (
				2E81A42F27D6D3F400A30833 /* Base */,
			);
			name = Main.storyboard;
			sourceTree = "<group>";
		};
		2E81A43327D6D3F500A30833 /* LaunchScreen.storyboard */ = {
			isa = PBXVariantGroup;
			children = (
				2E81A43427D6D3F500A30833 /* Base */,
			);
			name = LaunchScreen.storyboard;
			sourceTree = "<group>";
		};
/* End PBXVariantGroup section */

/* Begin XCBuildConfiguration section */
		2E81A44D27D6D3F600A30833 /* Debug */ = {
			isa = XCBuildConfiguration;
			buildSettings = {
				ALWAYS_SEARCH_USER_PATHS = NO;
				CLANG_ANALYZER_NONNULL = YES;
				CLANG_ANALYZER_NUMBER_OBJECT_CONVERSION = YES_AGGRESSIVE;
				CLANG_CXX_LANGUAGE_STANDARD = "gnu++14";
				CLANG_CXX_LIBRARY = "libc++";
				CLANG_ENABLE_MODULES = YES;
				CLANG_ENABLE_OBJC_ARC = YES;
				CLANG_ENABLE_OBJC_WEAK = YES;
				CLANG_WARN_BLOCK_CAPTURE_AUTORELEASING = YES;
				CLANG_WARN_BOOL_CONVERSION = YES;
				CLANG_WARN_COMMA = YES;
				CLANG_WARN_CONSTANT_CONVERSION = YES;
				CLANG_WARN_DEPRECATED_OBJC_IMPLEMENTATIONS = YES;
				CLANG_WARN_DIRECT_OBJC_ISA_USAGE = YES_ERROR;
				CLANG_WARN_DOCUMENTATION_COMMENTS = YES;
				CLANG_WARN_EMPTY_BODY = YES;
				CLANG_WARN_ENUM_CONVERSION = YES;
				CLANG_WARN_INFINITE_RECURSION = YES;
				CLANG_WARN_INT_CONVERSION = YES;
				CLANG_WARN_NON_LITERAL_NULL_CONVERSION = YES;
				CLANG_WARN_OBJC_IMPLICIT_RETAIN_SELF = YES;
				CLANG_WARN_OBJC_LITERAL_CONVERSION = YES;
				CLANG_WARN_OBJC_ROOT_CLASS = YES_ERROR;
				CLANG_WARN_QUOTED_INCLUDE_IN_FRAMEWORK_HEADER = YES;
				CLANG_WARN_RANGE_LOOP_ANALYSIS = YES;
				CLANG_WARN_STRICT_PROTOTYPES = YES;
				CLANG_WARN_SUSPICIOUS_MOVE = YES;
				CLANG_WARN_UNGUARDED_AVAILABILITY = YES_AGGRESSIVE;
				CLANG_WARN_UNREACHABLE_CODE = YES;
				CLANG_WARN__DUPLICATE_METHOD_MATCH = YES;
				COPY_PHASE_STRIP = NO;
				DEBUG_INFORMATION_FORMAT = dwarf;
				ENABLE_STRICT_OBJC_MSGSEND = YES;
				ENABLE_TESTABILITY = YES;
				GCC_C_LANGUAGE_STANDARD = gnu11;
				GCC_DYNAMIC_NO_PIC = NO;
				GCC_NO_COMMON_BLOCKS = YES;
				GCC_OPTIMIZATION_LEVEL = 0;
				GCC_PREPROCESSOR_DEFINITIONS = (
					"DEBUG=1",
					"$(inherited)",
				);
				GCC_WARN_64_TO_32_BIT_CONVERSION = YES;
				GCC_WARN_ABOUT_RETURN_TYPE = YES_ERROR;
				GCC_WARN_UNDECLARED_SELECTOR = YES;
				GCC_WARN_UNINITIALIZED_AUTOS = YES_AGGRESSIVE;
				GCC_WARN_UNUSED_FUNCTION = YES;
				GCC_WARN_UNUSED_VARIABLE = YES;
				IPHONEOS_DEPLOYMENT_TARGET = 14.5;
				MTL_ENABLE_DEBUG_INFO = INCLUDE_SOURCE;
				MTL_FAST_MATH = YES;
				ONLY_ACTIVE_ARCH = YES;
				SDKROOT = iphoneos;
				SWIFT_ACTIVE_COMPILATION_CONDITIONS = DEBUG;
				SWIFT_OPTIMIZATION_LEVEL = "-Onone";
			};
			name = Debug;
		};
		2E81A44E27D6D3F600A30833 /* Release */ = {
			isa = XCBuildConfiguration;
			buildSettings = {
				ALWAYS_SEARCH_USER_PATHS = NO;
				CLANG_ANALYZER_NONNULL = YES;
				CLANG_ANALYZER_NUMBER_OBJECT_CONVERSION = YES_AGGRESSIVE;
				CLANG_CXX_LANGUAGE_STANDARD = "gnu++14";
				CLANG_CXX_LIBRARY = "libc++";
				CLANG_ENABLE_MODULES = YES;
				CLANG_ENABLE_OBJC_ARC = YES;
				CLANG_ENABLE_OBJC_WEAK = YES;
				CLANG_WARN_BLOCK_CAPTURE_AUTORELEASING = YES;
				CLANG_WARN_BOOL_CONVERSION = YES;
				CLANG_WARN_COMMA = YES;
				CLANG_WARN_CONSTANT_CONVERSION = YES;
				CLANG_WARN_DEPRECATED_OBJC_IMPLEMENTATIONS = YES;
				CLANG_WARN_DIRECT_OBJC_ISA_USAGE = YES_ERROR;
				CLANG_WARN_DOCUMENTATION_COMMENTS = YES;
				CLANG_WARN_EMPTY_BODY = YES;
				CLANG_WARN_ENUM_CONVERSION = YES;
				CLANG_WARN_INFINITE_RECURSION = YES;
				CLANG_WARN_INT_CONVERSION = YES;
				CLANG_WARN_NON_LITERAL_NULL_CONVERSION = YES;
				CLANG_WARN_OBJC_IMPLICIT_RETAIN_SELF = YES;
				CLANG_WARN_OBJC_LITERAL_CONVERSION = YES;
				CLANG_WARN_OBJC_ROOT_CLASS = YES_ERROR;
				CLANG_WARN_QUOTED_INCLUDE_IN_FRAMEWORK_HEADER = YES;
				CLANG_WARN_RANGE_LOOP_ANALYSIS = YES;
				CLANG_WARN_STRICT_PROTOTYPES = YES;
				CLANG_WARN_SUSPICIOUS_MOVE = YES;
				CLANG_WARN_UNGUARDED_AVAILABILITY = YES_AGGRESSIVE;
				CLANG_WARN_UNREACHABLE_CODE = YES;
				CLANG_WARN__DUPLICATE_METHOD_MATCH = YES;
				COPY_PHASE_STRIP = NO;
				DEBUG_INFORMATION_FORMAT = "dwarf-with-dsym";
				ENABLE_NS_ASSERTIONS = NO;
				ENABLE_STRICT_OBJC_MSGSEND = YES;
				GCC_C_LANGUAGE_STANDARD = gnu11;
				GCC_NO_COMMON_BLOCKS = YES;
				GCC_WARN_64_TO_32_BIT_CONVERSION = YES;
				GCC_WARN_ABOUT_RETURN_TYPE = YES_ERROR;
				GCC_WARN_UNDECLARED_SELECTOR = YES;
				GCC_WARN_UNINITIALIZED_AUTOS = YES_AGGRESSIVE;
				GCC_WARN_UNUSED_FUNCTION = YES;
				GCC_WARN_UNUSED_VARIABLE = YES;
				IPHONEOS_DEPLOYMENT_TARGET = 14.5;
				MTL_ENABLE_DEBUG_INFO = NO;
				MTL_FAST_MATH = YES;
				SDKROOT = iphoneos;
				SWIFT_COMPILATION_MODE = wholemodule;
				SWIFT_OPTIMIZATION_LEVEL = "-O";
				VALIDATE_PRODUCT = YES;
			};
			name = Release;
		};
		2E81A45027D6D3F600A30833 /* Debug */ = {
			isa = XCBuildConfiguration;
			buildSettings = {
				ASSETCATALOG_COMPILER_APPICON_NAME = AppIcon;
				ASSETCATALOG_COMPILER_GLOBAL_ACCENT_COLOR_NAME = AccentColor;
				CODE_SIGN_STYLE = Automatic;
				INFOPLIST_FILE = OnTheMap/Info.plist;
				LD_RUNPATH_SEARCH_PATHS = (
					"$(inherited)",
					"@executable_path/Frameworks",
				);
				PRODUCT_BUNDLE_IDENTIFIER = Udacity.OnTheMap;
				PRODUCT_NAME = "$(TARGET_NAME)";
				SWIFT_VERSION = 5.0;
				TARGETED_DEVICE_FAMILY = "1,2";
			};
			name = Debug;
		};
		2E81A45127D6D3F600A30833 /* Release */ = {
			isa = XCBuildConfiguration;
			buildSettings = {
				ASSETCATALOG_COMPILER_APPICON_NAME = AppIcon;
				ASSETCATALOG_COMPILER_GLOBAL_ACCENT_COLOR_NAME = AccentColor;
				CODE_SIGN_STYLE = Automatic;
				INFOPLIST_FILE = OnTheMap/Info.plist;
				LD_RUNPATH_SEARCH_PATHS = (
					"$(inherited)",
					"@executable_path/Frameworks",
				);
				PRODUCT_BUNDLE_IDENTIFIER = Udacity.OnTheMap;
				PRODUCT_NAME = "$(TARGET_NAME)";
				SWIFT_VERSION = 5.0;
				TARGETED_DEVICE_FAMILY = "1,2";
			};
			name = Release;
		};
		2E81A45327D6D3F600A30833 /* Debug */ = {
			isa = XCBuildConfiguration;
			buildSettings = {
				ALWAYS_EMBED_SWIFT_STANDARD_LIBRARIES = YES;
				BUNDLE_LOADER = "$(TEST_HOST)";
				CODE_SIGN_STYLE = Automatic;
				INFOPLIST_FILE = OnTheMapTests/Info.plist;
				IPHONEOS_DEPLOYMENT_TARGET = 14.5;
				LD_RUNPATH_SEARCH_PATHS = (
					"$(inherited)",
					"@executable_path/Frameworks",
					"@loader_path/Frameworks",
				);
				PRODUCT_BUNDLE_IDENTIFIER = Udacity.OnTheMapTests;
				PRODUCT_NAME = "$(TARGET_NAME)";
				SWIFT_VERSION = 5.0;
				TARGETED_DEVICE_FAMILY = "1,2";
				TEST_HOST = "$(BUILT_PRODUCTS_DIR)/OnTheMap.app/OnTheMap";
			};
			name = Debug;
		};
		2E81A45427D6D3F600A30833 /* Release */ = {
			isa = XCBuildConfiguration;
			buildSettings = {
				ALWAYS_EMBED_SWIFT_STANDARD_LIBRARIES = YES;
				BUNDLE_LOADER = "$(TEST_HOST)";
				CODE_SIGN_STYLE = Automatic;
				INFOPLIST_FILE = OnTheMapTests/Info.plist;
				IPHONEOS_DEPLOYMENT_TARGET = 14.5;
				LD_RUNPATH_SEARCH_PATHS = (
					"$(inherited)",
					"@executable_path/Frameworks",
					"@loader_path/Frameworks",
				);
				PRODUCT_BUNDLE_IDENTIFIER = Udacity.OnTheMapTests;
				PRODUCT_NAME = "$(TARGET_NAME)";
				SWIFT_VERSION = 5.0;
				TARGETED_DEVICE_FAMILY = "1,2";
				TEST_HOST = "$(BUILT_PRODUCTS_DIR)/OnTheMap.app/OnTheMap";
			};
			name = Release;
		};
		2E81A45627D6D3F600A30833 /* Debug */ = {
			isa = XCBuildConfiguration;
			buildSettings = {
				ALWAYS_EMBED_SWIFT_STANDARD_LIBRARIES = YES;
				CODE_SIGN_STYLE = Automatic;
				INFOPLIST_FILE = OnTheMapUITests/Info.plist;
				LD_RUNPATH_SEARCH_PATHS = (
					"$(inherited)",
					"@executable_path/Frameworks",
					"@loader_path/Frameworks",
				);
				PRODUCT_BUNDLE_IDENTIFIER = Udacity.OnTheMapUITests;
				PRODUCT_NAME = "$(TARGET_NAME)";
				SWIFT_VERSION = 5.0;
				TARGETED_DEVICE_FAMILY = "1,2";
				TEST_TARGET_NAME = OnTheMap;
			};
			name = Debug;
		};
		2E81A45727D6D3F600A30833 /* Release */ = {
			isa = XCBuildConfiguration;
			buildSettings = {
				ALWAYS_EMBED_SWIFT_STANDARD_LIBRARIES = YES;
				CODE_SIGN_STYLE = Automatic;
				INFOPLIST_FILE = OnTheMapUITests/Info.plist;
				LD_RUNPATH_SEARCH_PATHS = (
					"$(inherited)",
					"@executable_path/Frameworks",
					"@loader_path/Frameworks",
				);
				PRODUCT_BUNDLE_IDENTIFIER = Udacity.OnTheMapUITests;
				PRODUCT_NAME = "$(TARGET_NAME)";
				SWIFT_VERSION = 5.0;
				TARGETED_DEVICE_FAMILY = "1,2";
				TEST_TARGET_NAME = OnTheMap;
			};
			name = Release;
		};
/* End XCBuildConfiguration section */

/* Begin XCConfigurationList section */
		2E81A42027D6D3F400A30833 /* Build configuration list for PBXProject "OnTheMap" */ = {
			isa = XCConfigurationList;
			buildConfigurations = (
				2E81A44D27D6D3F600A30833 /* Debug */,
				2E81A44E27D6D3F600A30833 /* Release */,
			);
			defaultConfigurationIsVisible = 0;
			defaultConfigurationName = Release;
		};
		2E81A44F27D6D3F600A30833 /* Build configuration list for PBXNativeTarget "OnTheMap" */ = {
			isa = XCConfigurationList;
			buildConfigurations = (
				2E81A45027D6D3F600A30833 /* Debug */,
				2E81A45127D6D3F600A30833 /* Release */,
			);
			defaultConfigurationIsVisible = 0;
			defaultConfigurationName = Release;
		};
		2E81A45227D6D3F600A30833 /* Build configuration list for PBXNativeTarget "OnTheMapTests" */ = {
			isa = XCConfigurationList;
			buildConfigurations = (
				2E81A45327D6D3F600A30833 /* Debug */,
				2E81A45427D6D3F600A30833 /* Release */,
			);
			defaultConfigurationIsVisible = 0;
			defaultConfigurationName = Release;
		};
		2E81A45527D6D3F600A30833 /* Build configuration list for PBXNativeTarget "OnTheMapUITests" */ = {
			isa = XCConfigurationList;
			buildConfigurations = (
				2E81A45627D6D3F600A30833 /* Debug */,
				2E81A45727D6D3F600A30833 /* Release */,
			);
			defaultConfigurationIsVisible = 0;
			defaultConfigurationName = Release;
		};
/* End XCConfigurationList section */
	};
	rootObject = 2E81A41D27D6D3F400A30833 /* Project object */;
}
